
Microsoft Visual Studio Solution File, Format Version 12.00
# Visual Studio Version 16
VisualStudioVersion = 16.0.30711.63
MinimumVisualStudioVersion = 10.0.40219.1
Project("{FAE04EC0-301F-11D3-BF4B-00C04F79EFBC}") = "AppKasir", "AppKasir\AppKasir.csproj", "{B3CF722D-F166-417E-91F2-2760718DA725}"
EndProject
Global
	GlobalSection(SolutionConfigurationPlatforms) = preSolution
		Debug|Any CPU = Debug|Any CPU
		Release|Any CPU = Release|Any CPU
	EndGlobalSection
	GlobalSection(ProjectConfigurationPlatforms) = postSolution
		{B3CF722D-F166-417E-91F2-2760718DA725}.Debug|Any CPU.ActiveCfg = Debug|Any CPU
		{B3CF722D-F166-417E-91F2-2760718DA725}.Debug|Any CPU.Build.0 = Debug|Any CPU
		{B3CF722D-F166-417E-91F2-2760718DA725}.Release|Any CPU.ActiveCfg = Release|Any CPU
		{B3CF722D-F166-417E-91F2-2760718DA725}.Release|Any CPU.Build.0 = Release|Any CPU
	EndGlobalSection
	GlobalSection(SolutionProperties) = preSolution
		HideSolutionNode = FALSE
	EndGlobalSection
	GlobalSection(ExtensibilityGlobals) = postSolution
		SolutionGuid = {0700910A-8FE5-49DD-837C-AC53768BFD18}
	EndGlobalSection
EndGlobal
